
Microsoft Visual Studio Solution File, Format Version 12.00
# Visual Studio Version 17
VisualStudioVersion = 17.13.35507.96 d17.13
MinimumVisualStudioVersion = 10.0.40219.1
Project("{FAE04EC0-301F-11D3-BF4B-00C04F79EFBC}") = "AlarmClockTimeOOP", "AlarmClockTimeOOP.csproj", "{4753044E-A4C5-46A2-B46D-2D3FA38F71C4}"
EndProject
Global
	GlobalSection(SolutionConfigurationPlatforms) = preSolution
		Debug|Any CPU = Debug|Any CPU
		Release|Any CPU = Release|Any CPU
	EndGlobalSection
	GlobalSection(ProjectConfigurationPlatforms) = postSolution
		{4753044E-A4C5-46A2-B46D-2D3FA38F71C4}.Debug|Any CPU.ActiveCfg = Debug|Any CPU
		{4753044E-A4C5-46A2-B46D-2D3FA38F71C4}.Debug|Any CPU.Build.0 = Debug|Any CPU
		{4753044E-A4C5-46A2-B46D-2D3FA38F71C4}.Release|Any CPU.ActiveCfg = Release|Any CPU
		{4753044E-A4C5-46A2-B46D-2D3FA38F71C4}.Release|Any CPU.Build.0 = Release|Any CPU
	EndGlobalSection
	GlobalSection(SolutionProperties) = preSolution
		HideSolutionNode = FALSE
	EndGlobalSection
	GlobalSection(ExtensibilityGlobals) = postSolution
		SolutionGuid = {22D0E858-767C-4ADE-B144-C6F69E770F30}
	EndGlobalSection
EndGlobal
